
Microsoft Visual Studio Solution File, Format Version 12.00
# Visual Studio Version 17
VisualStudioVersion = 17.4.33213.308
MinimumVisualStudioVersion = 10.0.40219.1
Project("{FAE04EC0-301F-11D3-BF4B-00C04F79EFBC}") = "KargomentoUI", "KargomentoUI\KargomentoUI.csproj", "{11B02569-DE5A-4C2C-A07F-D5E7D451AC51}"
EndProject
Project("{FAE04EC0-301F-11D3-BF4B-00C04F79EFBC}") = "KargomentoDL", "KargomentoDL\KargomentoDL.csproj", "{75EDBD18-9AA3-4AAC-B202-7D671068C0FC}"
EndProject
Project("{FAE04EC0-301F-11D3-BF4B-00C04F79EFBC}") = "KargomentoBL", "KargomentoBL\KargomentoBL.csproj", "{6F793661-CC22-4135-83A3-F4153DCF86CA}"
EndProject
Project("{FAE04EC0-301F-11D3-BF4B-00C04F79EFBC}") = "KargomentoEL", "KargomentoEL\KargomentoEL.csproj", "{27D6E34B-16AF-4345-8054-020A056222FC}"
EndProject
Project("{FAE04EC0-301F-11D3-BF4B-00C04F79EFBC}") = "KargomentoAPI", "KargomentoAPI\KargomentoAPI.csproj", "{1E25280F-2E80-473C-AC5A-6833D3D44EB7}"
EndProject
Global
	GlobalSection(SolutionConfigurationPlatforms) = preSolution
		Debug|Any CPU = Debug|Any CPU
		Release|Any CPU = Release|Any CPU
	EndGlobalSection
	GlobalSection(ProjectConfigurationPlatforms) = postSolution
		{11B02569-DE5A-4C2C-A07F-D5E7D451AC51}.Debug|Any CPU.ActiveCfg = Debug|Any CPU
		{11B02569-DE5A-4C2C-A07F-D5E7D451AC51}.Debug|Any CPU.Build.0 = Debug|Any CPU
		{11B02569-DE5A-4C2C-A07F-D5E7D451AC51}.Release|Any CPU.ActiveCfg = Release|Any CPU
		{11B02569-DE5A-4C2C-A07F-D5E7D451AC51}.Release|Any CPU.Build.0 = Release|Any CPU
		{75EDBD18-9AA3-4AAC-B202-7D671068C0FC}.Debug|Any CPU.ActiveCfg = Debug|Any CPU
		{75EDBD18-9AA3-4AAC-B202-7D671068C0FC}.Debug|Any CPU.Build.0 = Debug|Any CPU
		{75EDBD18-9AA3-4AAC-B202-7D671068C0FC}.Release|Any CPU.ActiveCfg = Release|Any CPU
		{75EDBD18-9AA3-4AAC-B202-7D671068C0FC}.Release|Any CPU.Build.0 = Release|Any CPU
		{6F793661-CC22-4135-83A3-F4153DCF86CA}.Debug|Any CPU.ActiveCfg = Debug|Any CPU
		{6F793661-CC22-4135-83A3-F4153DCF86CA}.Debug|Any CPU.Build.0 = Debug|Any CPU
		{6F793661-CC22-4135-83A3-F4153DCF86CA}.Release|Any CPU.ActiveCfg = Release|Any CPU
		{6F793661-CC22-4135-83A3-F4153DCF86CA}.Release|Any CPU.Build.0 = Release|Any CPU
		{27D6E34B-16AF-4345-8054-020A056222FC}.Debug|Any CPU.ActiveCfg = Debug|Any CPU
		{27D6E34B-16AF-4345-8054-020A056222FC}.Debug|Any CPU.Build.0 = Debug|Any CPU
		{27D6E34B-16AF-4345-8054-020A056222FC}.Release|Any CPU.ActiveCfg = Release|Any CPU
		{27D6E34B-16AF-4345-8054-020A056222FC}.Release|Any CPU.Build.0 = Release|Any CPU
		{1E25280F-2E80-473C-AC5A-6833D3D44EB7}.Debug|Any CPU.ActiveCfg = Debug|Any CPU
		{1E25280F-2E80-473C-AC5A-6833D3D44EB7}.Debug|Any CPU.Build.0 = Debug|Any CPU
		{1E25280F-2E80-473C-AC5A-6833D3D44EB7}.Release|Any CPU.ActiveCfg = Release|Any CPU
		{1E25280F-2E80-473C-AC5A-6833D3D44EB7}.Release|Any CPU.Build.0 = Release|Any CPU
	EndGlobalSection
	GlobalSection(SolutionProperties) = preSolution
		HideSolutionNode = FALSE
	EndGlobalSection
	GlobalSection(ExtensibilityGlobals) = postSolution
		SolutionGuid = {A37EB2AE-4194-4E04-B553-4580D9B903BB}
	EndGlobalSection
EndGlobal
